
Microsoft Visual Studio Solution File, Format Version 12.00
# Visual Studio Version 16
VisualStudioVersion = 16.0.31410.357
MinimumVisualStudioVersion = 10.0.40219.1
Project("{9A19103F-16F7-4668-BE54-9A1E7A4F7556}") = "BrainTrain.API", "BrainTrain.API\BrainTrain.API.csproj", "{32527C1B-760F-4292-AC42-EBF0C7F9D5CC}"
EndProject
Project("{9A19103F-16F7-4668-BE54-9A1E7A4F7556}") = "BrainTrain.Core", "BrainTrain.Core\BrainTrain.Core.csproj", "{895151F4-460C-4A83-BE7E-DD3D4BF5F550}"
EndProject
Global
	GlobalSection(SolutionConfigurationPlatforms) = preSolution
		Debug|Any CPU = Debug|Any CPU
		Release|Any CPU = Release|Any CPU
	EndGlobalSection
	GlobalSection(ProjectConfigurationPlatforms) = postSolution
		{32527C1B-760F-4292-AC42-EBF0C7F9D5CC}.Debug|Any CPU.ActiveCfg = Debug|Any CPU
		{32527C1B-760F-4292-AC42-EBF0C7F9D5CC}.Debug|Any CPU.Build.0 = Debug|Any CPU
		{32527C1B-760F-4292-AC42-EBF0C7F9D5CC}.Release|Any CPU.ActiveCfg = Release|Any CPU
		{32527C1B-760F-4292-AC42-EBF0C7F9D5CC}.Release|Any CPU.Build.0 = Release|Any CPU
		{895151F4-460C-4A83-BE7E-DD3D4BF5F550}.Debug|Any CPU.ActiveCfg = Debug|Any CPU
		{895151F4-460C-4A83-BE7E-DD3D4BF5F550}.Debug|Any CPU.Build.0 = Debug|Any CPU
		{895151F4-460C-4A83-BE7E-DD3D4BF5F550}.Release|Any CPU.ActiveCfg = Release|Any CPU
		{895151F4-460C-4A83-BE7E-DD3D4BF5F550}.Release|Any CPU.Build.0 = Release|Any CPU
	EndGlobalSection
	GlobalSection(SolutionProperties) = preSolution
		HideSolutionNode = FALSE
	EndGlobalSection
	GlobalSection(ExtensibilityGlobals) = postSolution
		SolutionGuid = {0ADAF5ED-1705-4287-A985-86E986E2DE8F}
	EndGlobalSection
EndGlobal
